
Microsoft Visual Studio Solution File, Format Version 12.00
# Visual Studio 14
VisualStudioVersion = 14.0.25420.1
MinimumVisualStudioVersion = 10.0.40219.1
Project("{E24C65DC-7377-472B-9ABA-BC803B73C61A}") = "splitscreen", "..\..\..\WebDev\splitscreen\", "{D0D99B5A-3633-4F34-B5D5-66DC7FD14002}"
	ProjectSection(WebsiteProperties) = preProject
		TargetFrameworkMoniker = ".NETFramework,Version%3Dv4.5.2"
		Debug.AspNetCompiler.VirtualPath = "/localhost_62196"
		Debug.AspNetCompiler.PhysicalPath = "..\..\..\WebDev\splitscreen\"
		Debug.AspNetCompiler.TargetPath = "PrecompiledWeb\localhost_62196\"
		Debug.AspNetCompiler.Updateable = "true"
		Debug.AspNetCompiler.ForceOverwrite = "true"
		Debug.AspNetCompiler.FixedNames = "false"
		Debug.AspNetCompiler.Debug = "True"
		Release.AspNetCompiler.VirtualPath = "/localhost_62196"
		Release.AspNetCompiler.PhysicalPath = "..\..\..\WebDev\splitscreen\"
		Release.AspNetCompiler.TargetPath = "PrecompiledWeb\localhost_62196\"
		Release.AspNetCompiler.Updateable = "true"
		Release.AspNetCompiler.ForceOverwrite = "true"
		Release.AspNetCompiler.FixedNames = "false"
		Release.AspNetCompiler.Debug = "False"
		VWDPort = "62196"
		SlnRelativePath = "..\..\..\WebDev\splitscreen\"
		DefaultWebSiteLanguage = "Visual C#"
	EndProjectSection
EndProject
Global
	GlobalSection(SolutionConfigurationPlatforms) = preSolution
		Debug|Any CPU = Debug|Any CPU
	EndGlobalSection
	GlobalSection(ProjectConfigurationPlatforms) = postSolution
		{D0D99B5A-3633-4F34-B5D5-66DC7FD14002}.Debug|Any CPU.ActiveCfg = Debug|Any CPU
		{D0D99B5A-3633-4F34-B5D5-66DC7FD14002}.Debug|Any CPU.Build.0 = Debug|Any CPU
	EndGlobalSection
	GlobalSection(SolutionProperties) = preSolution
		HideSolutionNode = FALSE
	EndGlobalSection
EndGlobal
